
Microsoft Visual Studio Solution File, Format Version 12.00
# Visual Studio 15
VisualStudioVersion = 15.0.28307.168
MinimumVisualStudioVersion = 10.0.40219.1
Project("{FAE04EC0-301F-11D3-BF4B-00C04F79EFBC}") = "c0727250", "c0727250\c0727250.csproj", "{68CF083F-EB2C-4E34-87D9-35A615C3C892}"
EndProject
Global
	GlobalSection(SolutionConfigurationPlatforms) = preSolution
		Debug|Any CPU = Debug|Any CPU
		Release|Any CPU = Release|Any CPU
	EndGlobalSection
	GlobalSection(ProjectConfigurationPlatforms) = postSolution
		{68CF083F-EB2C-4E34-87D9-35A615C3C892}.Debug|Any CPU.ActiveCfg = Debug|Any CPU
		{68CF083F-EB2C-4E34-87D9-35A615C3C892}.Debug|Any CPU.Build.0 = Debug|Any CPU
		{68CF083F-EB2C-4E34-87D9-35A615C3C892}.Release|Any CPU.ActiveCfg = Release|Any CPU
		{68CF083F-EB2C-4E34-87D9-35A615C3C892}.Release|Any CPU.Build.0 = Release|Any CPU
	EndGlobalSection
	GlobalSection(SolutionProperties) = preSolution
		HideSolutionNode = FALSE
	EndGlobalSection
	GlobalSection(ExtensibilityGlobals) = postSolution
		SolutionGuid = {B6607FDC-F5F4-4D5A-A406-DF994BF9B4F9}
	EndGlobalSection
EndGlobal
